Microsoft Visual Studio Solution File, Format Version 12.00
# Visual Studio Version 17
VisualStudioVersion = 17.5.2.0
MinimumVisualStudioVersion = 10.0.40219.1
Project("{FAE04EC0-301F-11D3-BF4B-00C04F79EFBC}") = "FramboyanSchedulerApi", "FramboyanSchedulerApi.csproj", "{52835E75-B0E0-9922-5626-D84019DBAE1C}"
EndProject
Global
	GlobalSection(SolutionConfigurationPlatforms) = preSolution
		Debug|Any CPU = Debug|Any CPU
		Release|Any CPU = Release|Any CPU
	EndGlobalSection
	GlobalSection(ProjectConfigurationPlatforms) = postSolution
		{52835E75-B0E0-9922-5626-D84019DBAE1C}.Debug|Any CPU.ActiveCfg = Debug|Any CPU
		{52835E75-B0E0-9922-5626-D84019DBAE1C}.Debug|Any CPU.Build.0 = Debug|Any CPU
		{52835E75-B0E0-9922-5626-D84019DBAE1C}.Release|Any CPU.ActiveCfg = Release|Any CPU
		{52835E75-B0E0-9922-5626-D84019DBAE1C}.Release|Any CPU.Build.0 = Release|Any CPU
	EndGlobalSection
	GlobalSection(SolutionProperties) = preSolution
		HideSolutionNode = FALSE
	EndGlobalSection
	GlobalSection(ExtensibilityGlobals) = postSolution
		SolutionGuid = {1693E599-8795-47B1-B64C-8BE7D65A4068}
	EndGlobalSection
EndGlobal
